
Microsoft Visual Studio Solution File, Format Version 12.00
# Visual Studio Version 16
VisualStudioVersion = 16.0.31523.461
MinimumVisualStudioVersion = 10.0.40219.1
Project("{FAE04EC0-301F-11D3-BF4B-00C04F79EFBC}") = "DXWebApplication1", "DXWebApplication1\DXWebApplication1.csproj", "{DADDB099-0099-4A68-9683-CCEBE0EBDBE1}"
EndProject
Global
	GlobalSection(SolutionConfigurationPlatforms) = preSolution
		Debug|Any CPU = Debug|Any CPU
		Release|Any CPU = Release|Any CPU
	EndGlobalSection
	GlobalSection(ProjectConfigurationPlatforms) = postSolution
		{DADDB099-0099-4A68-9683-CCEBE0EBDBE1}.Debug|Any CPU.ActiveCfg = Debug|Any CPU
		{DADDB099-0099-4A68-9683-CCEBE0EBDBE1}.Debug|Any CPU.Build.0 = Debug|Any CPU
		{DADDB099-0099-4A68-9683-CCEBE0EBDBE1}.Release|Any CPU.ActiveCfg = Release|Any CPU
		{DADDB099-0099-4A68-9683-CCEBE0EBDBE1}.Release|Any CPU.Build.0 = Release|Any CPU
	EndGlobalSection
	GlobalSection(SolutionProperties) = preSolution
		HideSolutionNode = FALSE
	EndGlobalSection
	GlobalSection(ExtensibilityGlobals) = postSolution
		SolutionGuid = {10B7F4BF-9E19-442B-B95C-B4188091EA77}
	EndGlobalSection
EndGlobal
