
Microsoft Visual Studio Solution File, Format Version 12.00
# Visual Studio Version 17
VisualStudioVersion = 17.0.31429.272
MinimumVisualStudioVersion = 10.0.40219.1
Project("{FAE04EC0-301F-11D3-BF4B-00C04F79EFBC}") = "WebApplication1", "WebForms1\WebApplication1.csproj", "{3FCAA885-1A5B-40B1-999E-C9F906649C22}"
EndProject
Project("{FAE04EC0-301F-11D3-BF4B-00C04F79EFBC}") = "MVC1", "MVC1\MVC1.csproj", "{5E00C1AB-7AA7-437F-9A6A-F71931CFF4BF}"
EndProject
Global
	GlobalSection(SolutionConfigurationPlatforms) = preSolution
		Debug|Any CPU = Debug|Any CPU
		Release|Any CPU = Release|Any CPU
	EndGlobalSection
	GlobalSection(ProjectConfigurationPlatforms) = postSolution
		{3FCAA885-1A5B-40B1-999E-C9F906649C22}.Debug|Any CPU.ActiveCfg = Debug|Any CPU
		{3FCAA885-1A5B-40B1-999E-C9F906649C22}.Debug|Any CPU.Build.0 = Debug|Any CPU
		{3FCAA885-1A5B-40B1-999E-C9F906649C22}.Release|Any CPU.ActiveCfg = Release|Any CPU
		{3FCAA885-1A5B-40B1-999E-C9F906649C22}.Release|Any CPU.Build.0 = Release|Any CPU
		{5E00C1AB-7AA7-437F-9A6A-F71931CFF4BF}.Debug|Any CPU.ActiveCfg = Debug|Any CPU
		{5E00C1AB-7AA7-437F-9A6A-F71931CFF4BF}.Debug|Any CPU.Build.0 = Debug|Any CPU
		{5E00C1AB-7AA7-437F-9A6A-F71931CFF4BF}.Release|Any CPU.ActiveCfg = Release|Any CPU
		{5E00C1AB-7AA7-437F-9A6A-F71931CFF4BF}.Release|Any CPU.Build.0 = Release|Any CPU
	EndGlobalSection
	GlobalSection(SolutionProperties) = preSolution
		HideSolutionNode = FALSE
	EndGlobalSection
	GlobalSection(ExtensibilityGlobals) = postSolution
		SolutionGuid = {327E9050-CFBE-4E6A-BB27-A4811365DC6D}
	EndGlobalSection
EndGlobal
