
Microsoft Visual Studio Solution File, Format Version 12.00
# Visual Studio Version 17
VisualStudioVersion = 17.0.31710.301
MinimumVisualStudioVersion = 10.0.40219.1
Project("{FAE04EC0-301F-11D3-BF4B-00C04F79EFBC}") = "Todo", "Todo\Todo.csproj", "{75635611-3EBB-4E66-9D51-A8F1762D2B5F}"
EndProject
Global
	GlobalSection(SolutionConfigurationPlatforms) = preSolution
		Debug|Any CPU = Debug|Any CPU
		Release|Any CPU = Release|Any CPU
	EndGlobalSection
	GlobalSection(ProjectConfigurationPlatforms) = postSolution
		{75635611-3EBB-4E66-9D51-A8F1762D2B5F}.Debug|Any CPU.ActiveCfg = Debug|Any CPU
		{75635611-3EBB-4E66-9D51-A8F1762D2B5F}.Debug|Any CPU.Build.0 = Debug|Any CPU
		{75635611-3EBB-4E66-9D51-A8F1762D2B5F}.Release|Any CPU.ActiveCfg = Release|Any CPU
		{75635611-3EBB-4E66-9D51-A8F1762D2B5F}.Release|Any CPU.Build.0 = Release|Any CPU
	EndGlobalSection
	GlobalSection(SolutionProperties) = preSolution
		HideSolutionNode = FALSE
	EndGlobalSection
	GlobalSection(ExtensibilityGlobals) = postSolution
		SolutionGuid = {D1FF5FC2-4961-40B3-B387-B49FA5711B3B}
	EndGlobalSection
EndGlobal
